
Microsoft Visual Studio Solution File, Format Version 12.00
# Visual Studio Version 16
VisualStudioVersion = 16.0.29326.143
MinimumVisualStudioVersion = 10.0.40219.1
Project("{FAE04EC0-301F-11D3-BF4B-00C04F79EFBC}") = "EntityFrameWorkTest", "EntityFrameWorkTest\EntityFrameWorkTest.csproj", "{5F35C48B-E593-4ABD-AAB1-284F2335C8A4}"
EndProject
Global
	GlobalSection(SolutionConfigurationPlatforms) = preSolution
		Debug|Any CPU = Debug|Any CPU
		Release|Any CPU = Release|Any CPU
	EndGlobalSection
	GlobalSection(ProjectConfigurationPlatforms) = postSolution
		{5F35C48B-E593-4ABD-AAB1-284F2335C8A4}.Debug|Any CPU.ActiveCfg = Debug|Any CPU
		{5F35C48B-E593-4ABD-AAB1-284F2335C8A4}.Debug|Any CPU.Build.0 = Debug|Any CPU
		{5F35C48B-E593-4ABD-AAB1-284F2335C8A4}.Release|Any CPU.ActiveCfg = Release|Any CPU
		{5F35C48B-E593-4ABD-AAB1-284F2335C8A4}.Release|Any CPU.Build.0 = Release|Any CPU
	EndGlobalSection
	GlobalSection(SolutionProperties) = preSolution
		HideSolutionNode = FALSE
	EndGlobalSection
	GlobalSection(ExtensibilityGlobals) = postSolution
		SolutionGuid = {B736DA2E-C033-4E4D-8759-D8BD5C0C5A35}
	EndGlobalSection
EndGlobal
